
Microsoft Visual Studio Solution File, Format Version 12.00
# Visual Studio Version 18
VisualStudioVersion = 18.0.11222.15
MinimumVisualStudioVersion = 10.0.40219.1
Project("{54A90642-561A-4BB1-A94E-469ADEE60C69}") = "datamigratie.client", "datamigratie.client\datamigratie.client.esproj", "{1B67ABBF-5579-F121-F409-414A89A07408}"
EndProject
Project("{FAE04EC0-301F-11D3-BF4B-00C04F79EFBC}") = "Datamigratie.Server", "Datamigratie.Server\Datamigratie.Server.csproj", "{1CCA7B26-E352-4113-AF4F-36AC137A0DD1}"
EndProject
Project("{FAE04EC0-301F-11D3-BF4B-00C04F79EFBC}") = "Datamigratie.AppHost", "Datamigratie.AppHost\Datamigratie.AppHost.csproj", "{4372CA76-181A-410E-8414-8342723F0A45}"
EndProject
Project("{FAE04EC0-301F-11D3-BF4B-00C04F79EFBC}") = "Datamigratie.ServiceDefaults", "Datamigratie.ServiceDefaults\Datamigratie.ServiceDefaults.csproj", "{4D115FE1-9F74-F82E-D914-D867F14EFF75}"
EndProject
Project("{FAE04EC0-301F-11D3-BF4B-00C04F79EFBC}") = "Datamigratie.Common", "Datamigratie.Common\Datamigratie.Common.csproj", "{13D688C3-5219-429D-A853-626586B6DFCB}"
EndProject
Project("{FAE04EC0-301F-11D3-BF4B-00C04F79EFBC}") = "Datamigratie.Data", "Datamigratie.Data\Datamigratie.Data.csproj", "{6A6743E7-060F-4BA5-A5C1-61DE16541E23}"
EndProject
Project("{FAE04EC0-301F-11D3-BF4B-00C04F79EFBC}") = "Datamigratie.MigrationService", "Datamigratie.MigrationService\Datamigratie.MigrationService.csproj", "{60148102-B03D-4B84-85A6-6081C106BF88}"
EndProject
Project("{2150E333-8FDC-42A3-9474-1A3956D46DE8}") = "Solution Items", "Solution Items", "{8EC462FD-D22E-90A8-E5CE-7E832BA40C5D}"
	ProjectSection(SolutionItems) = preProject
		CHANGELOG.md = CHANGELOG.md
		README.md = README.md
	EndProjectSection
EndProject
Project("{FAE04EC0-301F-11D3-BF4B-00C04F79EFBC}") = "Datamigratie.Tests", "Datamigratie.Tests\Datamigratie.Tests.csproj", "{1908C82C-FD72-45B2-BED6-783B7BBBDD43}"
EndProject
Project("{FAE04EC0-301F-11D3-BF4B-00C04F79EFBC}") = "Datamigratie.FakeDet", "Datamigratie.FakeDet\Datamigratie.FakeDet.csproj", "{64DE4CCA-DD07-46A0-9077-08CB6D671DB8}"
EndProject
Global
	GlobalSection(SolutionConfigurationPlatforms) = preSolution
		Debug|Any CPU = Debug|Any CPU
		Debug|x64 = Debug|x64
		Debug|x86 = Debug|x86
		Release|Any CPU = Release|Any CPU
		Release|x64 = Release|x64
		Release|x86 = Release|x86
	EndGlobalSection
	GlobalSection(ProjectConfigurationPlatforms) = postSolution
		{1B67ABBF-5579-F121-F409-414A89A07408}.Debug|Any CPU.ActiveCfg = Debug|Any CPU
		{1B67ABBF-5579-F121-F409-414A89A07408}.Debug|Any CPU.Build.0 = Debug|Any CPU
		{1B67ABBF-5579-F121-F409-414A89A07408}.Debug|Any CPU.Deploy.0 = Debug|Any CPU
		{1B67ABBF-5579-F121-F409-414A89A07408}.Debug|x64.ActiveCfg = Debug|x64
		{1B67ABBF-5579-F121-F409-414A89A07408}.Debug|x86.ActiveCfg = Debug|x86
		{1B67ABBF-5579-F121-F409-414A89A07408}.Release|Any CPU.ActiveCfg = Release|Any CPU
		{1B67ABBF-5579-F121-F409-414A89A07408}.Release|Any CPU.Build.0 = Release|Any CPU
		{1B67ABBF-5579-F121-F409-414A89A07408}.Release|Any CPU.Deploy.0 = Release|Any CPU
		{1B67ABBF-5579-F121-F409-414A89A07408}.Release|x64.ActiveCfg = Release|x64
		{1B67ABBF-5579-F121-F409-414A89A07408}.Release|x86.ActiveCfg = Release|x86
		{1CCA7B26-E352-4113-AF4F-36AC137A0DD1}.Debug|Any CPU.ActiveCfg = Debug|Any CPU
		{1CCA7B26-E352-4113-AF4F-36AC137A0DD1}.Debug|Any CPU.Build.0 = Debug|Any CPU
		{1CCA7B26-E352-4113-AF4F-36AC137A0DD1}.Debug|x64.ActiveCfg = Debug|Any CPU
		{1CCA7B26-E352-4113-AF4F-36AC137A0DD1}.Debug|x64.Build.0 = Debug|Any CPU
		{1CCA7B26-E352-4113-AF4F-36AC137A0DD1}.Debug|x86.ActiveCfg = Debug|Any CPU
		{1CCA7B26-E352-4113-AF4F-36AC137A0DD1}.Debug|x86.Build.0 = Debug|Any CPU
		{1CCA7B26-E352-4113-AF4F-36AC137A0DD1}.Release|Any CPU.ActiveCfg = Release|Any CPU
		{1CCA7B26-E352-4113-AF4F-36AC137A0DD1}.Release|Any CPU.Build.0 = Release|Any CPU
		{1CCA7B26-E352-4113-AF4F-36AC137A0DD1}.Release|x64.ActiveCfg = Release|Any CPU
		{1CCA7B26-E352-4113-AF4F-36AC137A0DD1}.Release|x64.Build.0 = Release|Any CPU
		{1CCA7B26-E352-4113-AF4F-36AC137A0DD1}.Release|x86.ActiveCfg = Release|Any CPU
		{1CCA7B26-E352-4113-AF4F-36AC137A0DD1}.Release|x86.Build.0 = Release|Any CPU
		{4372CA76-181A-410E-8414-8342723F0A45}.Debug|Any CPU.ActiveCfg = Debug|Any CPU
		{4372CA76-181A-410E-8414-8342723F0A45}.Debug|Any CPU.Build.0 = Debug|Any CPU
		{4372CA76-181A-410E-8414-8342723F0A45}.Debug|x64.ActiveCfg = Debug|Any CPU
		{4372CA76-181A-410E-8414-8342723F0A45}.Debug|x64.Build.0 = Debug|Any CPU
		{4372CA76-181A-410E-8414-8342723F0A45}.Debug|x86.ActiveCfg = Debug|Any CPU
		{4372CA76-181A-410E-8414-8342723F0A45}.Debug|x86.Build.0 = Debug|Any CPU
		{4372CA76-181A-410E-8414-8342723F0A45}.Release|Any CPU.ActiveCfg = Release|Any CPU
		{4372CA76-181A-410E-8414-8342723F0A45}.Release|Any CPU.Build.0 = Release|Any CPU
		{4372CA76-181A-410E-8414-8342723F0A45}.Release|x64.ActiveCfg = Release|Any CPU
		{4372CA76-181A-410E-8414-8342723F0A45}.Release|x64.Build.0 = Release|Any CPU
		{4372CA76-181A-410E-8414-8342723F0A45}.Release|x86.ActiveCfg = Release|Any CPU
		{4372CA76-181A-410E-8414-8342723F0A45}.Release|x86.Build.0 = Release|Any CPU
		{4D115FE1-9F74-F82E-D914-D867F14EFF75}.Debug|Any CPU.ActiveCfg = Debug|Any CPU
		{4D115FE1-9F74-F82E-D914-D867F14EFF75}.Debug|Any CPU.Build.0 = Debug|Any CPU
		{4D115FE1-9F74-F82E-D914-D867F14EFF75}.Debug|x64.ActiveCfg = Debug|Any CPU
		{4D115FE1-9F74-F82E-D914-D867F14EFF75}.Debug|x64.Build.0 = Debug|Any CPU
		{4D115FE1-9F74-F82E-D914-D867F14EFF75}.Debug|x86.ActiveCfg = Debug|Any CPU
		{4D115FE1-9F74-F82E-D914-D867F14EFF75}.Debug|x86.Build.0 = Debug|Any CPU
		{4D115FE1-9F74-F82E-D914-D867F14EFF75}.Release|Any CPU.ActiveCfg = Release|Any CPU
		{4D115FE1-9F74-F82E-D914-D867F14EFF75}.Release|Any CPU.Build.0 = Release|Any CPU
		{4D115FE1-9F74-F82E-D914-D867F14EFF75}.Release|x64.ActiveCfg = Release|Any CPU
		{4D115FE1-9F74-F82E-D914-D867F14EFF75}.Release|x64.Build.0 = Release|Any CPU
		{4D115FE1-9F74-F82E-D914-D867F14EFF75}.Release|x86.ActiveCfg = Release|Any CPU
		{4D115FE1-9F74-F82E-D914-D867F14EFF75}.Release|x86.Build.0 = Release|Any CPU
		{13D688C3-5219-429D-A853-626586B6DFCB}.Debug|Any CPU.ActiveCfg = Debug|Any CPU
		{13D688C3-5219-429D-A853-626586B6DFCB}.Debug|Any CPU.Build.0 = Debug|Any CPU
		{13D688C3-5219-429D-A853-626586B6DFCB}.Debug|x64.ActiveCfg = Debug|Any CPU
		{13D688C3-5219-429D-A853-626586B6DFCB}.Debug|x64.Build.0 = Debug|Any CPU
		{13D688C3-5219-429D-A853-626586B6DFCB}.Debug|x86.ActiveCfg = Debug|Any CPU
		{13D688C3-5219-429D-A853-626586B6DFCB}.Debug|x86.Build.0 = Debug|Any CPU
		{13D688C3-5219-429D-A853-626586B6DFCB}.Release|Any CPU.ActiveCfg = Release|Any CPU
		{13D688C3-5219-429D-A853-626586B6DFCB}.Release|Any CPU.Build.0 = Release|Any CPU
		{13D688C3-5219-429D-A853-626586B6DFCB}.Release|x64.ActiveCfg = Release|Any CPU
		{13D688C3-5219-429D-A853-626586B6DFCB}.Release|x64.Build.0 = Release|Any CPU
		{13D688C3-5219-429D-A853-626586B6DFCB}.Release|x86.ActiveCfg = Release|Any CPU
		{13D688C3-5219-429D-A853-626586B6DFCB}.Release|x86.Build.0 = Release|Any CPU
		{6A6743E7-060F-4BA5-A5C1-61DE16541E23}.Debug|Any CPU.ActiveCfg = Debug|Any CPU
		{6A6743E7-060F-4BA5-A5C1-61DE16541E23}.Debug|Any CPU.Build.0 = Debug|Any CPU
		{6A6743E7-060F-4BA5-A5C1-61DE16541E23}.Debug|x64.ActiveCfg = Debug|Any CPU
		{6A6743E7-060F-4BA5-A5C1-61DE16541E23}.Debug|x64.Build.0 = Debug|Any CPU
		{6A6743E7-060F-4BA5-A5C1-61DE16541E23}.Debug|x86.ActiveCfg = Debug|Any CPU
		{6A6743E7-060F-4BA5-A5C1-61DE16541E23}.Debug|x86.Build.0 = Debug|Any CPU
		{6A6743E7-060F-4BA5-A5C1-61DE16541E23}.Release|Any CPU.ActiveCfg = Release|Any CPU
		{6A6743E7-060F-4BA5-A5C1-61DE16541E23}.Release|Any CPU.Build.0 = Release|Any CPU
		{6A6743E7-060F-4BA5-A5C1-61DE16541E23}.Release|x64.ActiveCfg = Release|Any CPU
		{6A6743E7-060F-4BA5-A5C1-61DE16541E23}.Release|x64.Build.0 = Release|Any CPU
		{6A6743E7-060F-4BA5-A5C1-61DE16541E23}.Release|x86.ActiveCfg = Release|Any CPU
		{6A6743E7-060F-4BA5-A5C1-61DE16541E23}.Release|x86.Build.0 = Release|Any CPU
		{60148102-B03D-4B84-85A6-6081C106BF88}.Debug|Any CPU.ActiveCfg = Debug|Any CPU
		{60148102-B03D-4B84-85A6-6081C106BF88}.Debug|Any CPU.Build.0 = Debug|Any CPU
		{60148102-B03D-4B84-85A6-6081C106BF88}.Debug|x64.ActiveCfg = Debug|Any CPU
		{60148102-B03D-4B84-85A6-6081C106BF88}.Debug|x64.Build.0 = Debug|Any CPU
		{60148102-B03D-4B84-85A6-6081C106BF88}.Debug|x86.ActiveCfg = Debug|Any CPU
		{60148102-B03D-4B84-85A6-6081C106BF88}.Debug|x86.Build.0 = Debug|Any CPU
		{60148102-B03D-4B84-85A6-6081C106BF88}.Release|Any CPU.ActiveCfg = Release|Any CPU
		{60148102-B03D-4B84-85A6-6081C106BF88}.Release|Any CPU.Build.0 = Release|Any CPU
		{60148102-B03D-4B84-85A6-6081C106BF88}.Release|x64.ActiveCfg = Release|Any CPU
		{60148102-B03D-4B84-85A6-6081C106BF88}.Release|x64.Build.0 = Release|Any CPU
		{60148102-B03D-4B84-85A6-6081C106BF88}.Release|x86.ActiveCfg = Release|Any CPU
		{60148102-B03D-4B84-85A6-6081C106BF88}.Release|x86.Build.0 = Release|Any CPU
		{1908C82C-FD72-45B2-BED6-783B7BBBDD43}.Debug|Any CPU.ActiveCfg = Debug|Any CPU
		{1908C82C-FD72-45B2-BED6-783B7BBBDD43}.Debug|Any CPU.Build.0 = Debug|Any CPU
		{1908C82C-FD72-45B2-BED6-783B7BBBDD43}.Debug|x64.ActiveCfg = Debug|Any CPU
		{1908C82C-FD72-45B2-BED6-783B7BBBDD43}.Debug|x64.Build.0 = Debug|Any CPU
		{1908C82C-FD72-45B2-BED6-783B7BBBDD43}.Debug|x86.ActiveCfg = Debug|Any CPU
		{1908C82C-FD72-45B2-BED6-783B7BBBDD43}.Debug|x86.Build.0 = Debug|Any CPU
		{1908C82C-FD72-45B2-BED6-783B7BBBDD43}.Release|Any CPU.ActiveCfg = Release|Any CPU
		{1908C82C-FD72-45B2-BED6-783B7BBBDD43}.Release|Any CPU.Build.0 = Release|Any CPU
		{1908C82C-FD72-45B2-BED6-783B7BBBDD43}.Release|x64.ActiveCfg = Release|Any CPU
		{1908C82C-FD72-45B2-BED6-783B7BBBDD43}.Release|x64.Build.0 = Release|Any CPU
		{1908C82C-FD72-45B2-BED6-783B7BBBDD43}.Release|x86.ActiveCfg = Release|Any CPU
		{1908C82C-FD72-45B2-BED6-783B7BBBDD43}.Release|x86.Build.0 = Release|Any CPU
		{64DE4CCA-DD07-46A0-9077-08CB6D671DB8}.Debug|Any CPU.ActiveCfg = Debug|Any CPU
		{64DE4CCA-DD07-46A0-9077-08CB6D671DB8}.Debug|Any CPU.Build.0 = Debug|Any CPU
		{64DE4CCA-DD07-46A0-9077-08CB6D671DB8}.Debug|x64.ActiveCfg = Debug|Any CPU
		{64DE4CCA-DD07-46A0-9077-08CB6D671DB8}.Debug|x64.Build.0 = Debug|Any CPU
		{64DE4CCA-DD07-46A0-9077-08CB6D671DB8}.Debug|x86.ActiveCfg = Debug|Any CPU
		{64DE4CCA-DD07-46A0-9077-08CB6D671DB8}.Debug|x86.Build.0 = Debug|Any CPU
		{64DE4CCA-DD07-46A0-9077-08CB6D671DB8}.Release|Any CPU.ActiveCfg = Release|Any CPU
		{64DE4CCA-DD07-46A0-9077-08CB6D671DB8}.Release|Any CPU.Build.0 = Release|Any CPU
		{64DE4CCA-DD07-46A0-9077-08CB6D671DB8}.Release|x64.ActiveCfg = Release|Any CPU
		{64DE4CCA-DD07-46A0-9077-08CB6D671DB8}.Release|x64.Build.0 = Release|Any CPU
		{64DE4CCA-DD07-46A0-9077-08CB6D671DB8}.Release|x86.ActiveCfg = Release|Any CPU
		{64DE4CCA-DD07-46A0-9077-08CB6D671DB8}.Release|x86.Build.0 = Release|Any CPU
	EndGlobalSection
	GlobalSection(SolutionProperties) = preSolution
		HideSolutionNode = FALSE
	EndGlobalSection
	GlobalSection(ExtensibilityGlobals) = postSolution
		SolutionGuid = {177B81FA-9E87-49D1-B74D-9C6B672C8197}
	EndGlobalSection
EndGlobal
